
Microsoft Visual Studio Solution File, Format Version 12.00
# Visual Studio 15
VisualStudioVersion = 15.0.27428.2005
MinimumVisualStudioVersion = 10.0.40219.1
Project("{FAE04EC0-301F-11D3-BF4B-00C04F79EFBC}") = "WebApiRestLIG", "WebApiRestLIG\WebApiRestLIG.csproj", "{E156DCB4-750F-444B-8AD3-64F87E307131}"
EndProject
Project("{FAE04EC0-301F-11D3-BF4B-00C04F79EFBC}") = "WebApiMVC", "WebApiMVC\WebApiMVC.csproj", "{6A7C7817-C79D-4616-843F-E22D66EA40FE}"
EndProject
Global
	GlobalSection(SolutionConfigurationPlatforms) = preSolution
		Debug|Any CPU = Debug|Any CPU
		Release|Any CPU = Release|Any CPU
	EndGlobalSection
	GlobalSection(ProjectConfigurationPlatforms) = postSolution
		{E156DCB4-750F-444B-8AD3-64F87E307131}.Debug|Any CPU.ActiveCfg = Debug|Any CPU
		{E156DCB4-750F-444B-8AD3-64F87E307131}.Debug|Any CPU.Build.0 = Debug|Any CPU
		{E156DCB4-750F-444B-8AD3-64F87E307131}.Release|Any CPU.ActiveCfg = Release|Any CPU
		{E156DCB4-750F-444B-8AD3-64F87E307131}.Release|Any CPU.Build.0 = Release|Any CPU
		{6A7C7817-C79D-4616-843F-E22D66EA40FE}.Debug|Any CPU.ActiveCfg = Debug|Any CPU
		{6A7C7817-C79D-4616-843F-E22D66EA40FE}.Debug|Any CPU.Build.0 = Debug|Any CPU
		{6A7C7817-C79D-4616-843F-E22D66EA40FE}.Release|Any CPU.ActiveCfg = Release|Any CPU
		{6A7C7817-C79D-4616-843F-E22D66EA40FE}.Release|Any CPU.Build.0 = Release|Any CPU
	EndGlobalSection
	GlobalSection(SolutionProperties) = preSolution
		HideSolutionNode = FALSE
	EndGlobalSection
	GlobalSection(ExtensibilityGlobals) = postSolution
		SolutionGuid = {C94BA1D6-76CE-41DC-AB5D-0052CC7205D6}
	EndGlobalSection
EndGlobal
